
Microsoft Visual Studio Solution File, Format Version 12.00
# Visual Studio Version 17
VisualStudioVersion = 17.7.34221.43
MinimumVisualStudioVersion = 10.0.40219.1
Project("{FAE04EC0-301F-11D3-BF4B-00C04F79EFBC}") = "Airline-ticket-sales-management", "Airline-ticket-sales-management\Airline-ticket-sales-management.csproj", "{BF03DBF1-745A-4B93-AC69-CF17F8B9898D}"
EndProject
Project("{54435603-DBB4-11D2-8724-00A0C9A8B90C}") = "SETUP", "SETUP\SETUP.vdproj", "{623068B4-1DF1-4529-9812-ADD513644411}"
EndProject
Global
	GlobalSection(SolutionConfigurationPlatforms) = preSolution
		Debug|Any CPU = Debug|Any CPU
		Release|Any CPU = Release|Any CPU
	EndGlobalSection
	GlobalSection(ProjectConfigurationPlatforms) = postSolution
		{BF03DBF1-745A-4B93-AC69-CF17F8B9898D}.Debug|Any CPU.ActiveCfg = Debug|Any CPU
		{BF03DBF1-745A-4B93-AC69-CF17F8B9898D}.Debug|Any CPU.Build.0 = Debug|Any CPU
		{BF03DBF1-745A-4B93-AC69-CF17F8B9898D}.Release|Any CPU.ActiveCfg = Release|Any CPU
		{BF03DBF1-745A-4B93-AC69-CF17F8B9898D}.Release|Any CPU.Build.0 = Release|Any CPU
		{623068B4-1DF1-4529-9812-ADD513644411}.Debug|Any CPU.ActiveCfg = Debug
		{623068B4-1DF1-4529-9812-ADD513644411}.Release|Any CPU.ActiveCfg = Release
	EndGlobalSection
	GlobalSection(SolutionProperties) = preSolution
		HideSolutionNode = FALSE
	EndGlobalSection
	GlobalSection(ExtensibilityGlobals) = postSolution
		SolutionGuid = {C36FD6D0-E7C7-4548-9A67-EA6B6834AC0C}
	EndGlobalSection
EndGlobal
